
Microsoft Visual Studio Solution File, Format Version 12.00
# Visual Studio 15
VisualStudioVersion = 15.0.28307.852
MinimumVisualStudioVersion = 10.0.40219.1
Project("{8BC9CEB8-8B4A-11D0-8D11-00A0C91BC942}") = "human_attributes", "human_attributes\human_attributes.vcxproj", "{BA6D2D60-7CDE-4D89-ACCD-23B453F0EC2E}"
EndProject
Global
	GlobalSection(SolutionConfigurationPlatforms) = preSolution
		Debug|x64 = Debug|x64
		Debug|x86 = Debug|x86
		Release|x64 = Release|x64
		Release|x86 = Release|x86
	EndGlobalSection
	GlobalSection(ProjectConfigurationPlatforms) = postSolution
		{BA6D2D60-7CDE-4D89-ACCD-23B453F0EC2E}.Debug|x64.ActiveCfg = Debug|x64
		{BA6D2D60-7CDE-4D89-ACCD-23B453F0EC2E}.Debug|x64.Build.0 = Debug|x64
		{BA6D2D60-7CDE-4D89-ACCD-23B453F0EC2E}.Debug|x86.ActiveCfg = Debug|Win32
		{BA6D2D60-7CDE-4D89-ACCD-23B453F0EC2E}.Debug|x86.Build.0 = Debug|Win32
		{BA6D2D60-7CDE-4D89-ACCD-23B453F0EC2E}.Release|x64.ActiveCfg = Release|x64
		{BA6D2D60-7CDE-4D89-ACCD-23B453F0EC2E}.Release|x64.Build.0 = Release|x64
		{BA6D2D60-7CDE-4D89-ACCD-23B453F0EC2E}.Release|x86.ActiveCfg = Release|Win32
		{BA6D2D60-7CDE-4D89-ACCD-23B453F0EC2E}.Release|x86.Build.0 = Release|Win32
	EndGlobalSection
	GlobalSection(SolutionProperties) = preSolution
		HideSolutionNode = FALSE
	EndGlobalSection
	GlobalSection(ExtensibilityGlobals) = postSolution
		SolutionGuid = {80600E93-ED8F-401D-8D51-A4B4306D5D41}
	EndGlobalSection
EndGlobal
